# THIS IS AN AUTOGENERATED FILE. DO NOT EDIT THIS FILE DIRECTLY.
# yarn lockfile v1
acorn@^4.0.3:
  version "4.0.3"
  resolved "https://registry.yarnpkg.com/acorn/-/acorn-4.0.3.tgz#1a3e850b428e73ba6b09d1cc527f5aaad4d03ef1"

source-map@^0.5.6:
  version "0.5.6"
  resolved "https://registry.yarnpkg.com/source-map/-/source-map-0.5.6.tgz#75ce38f52bf0733c5a7f0c118d81334a2bb5f412"

